// !$*UTF8*$!
{
	archiveVersion = 1;
	classes = {
	};
	objectVersion = 77;
	objects = {

/* Begin PBXBuildFile section */
		1E09A3432EBD11A700BF8997 /* Camera.swift in Sources */ = {isa = PBXBuildFile; fileRef = 1E09A3422EBD11A700BF8997 /* Camera.swift */; };
		1E09A3452EBD11CA00BF8997 /* LookAt.swift in Sources */ = {isa = PBXBuildFile; fileRef = 1E09A3442EBD11CA00BF8997 /* LookAt.swift */; };
		1E09A3472EBD123900BF8997 /* Perspective.swift in Sources */ = {isa = PBXBuildFile; fileRef = 1E09A3462EBD123900BF8997 /* Perspective.swift */; };
		1E9F32982EB07DEF003F56EE /* Assets.xcassets in Resources */ = {isa = PBXBuildFile; fileRef = 1E9F32942EB07DEF003F56EE /* Assets.xcassets */; };
		1E9F32992EB07DEF003F56EE /* MetalView.swift in Sources */ = {isa = PBXBuildFile; fileRef = 1E9F32952EB07DEF003F56EE /* MetalView.swift */; };
		1E9F329A2EB07DEF003F56EE /* HelloCubeApp.swift in Sources */ = {isa = PBXBuildFile; fileRef = 1E9F32962EB07DEF003F56EE /* HelloCubeApp.swift */; };
		1E9F32A12EB07E2F003F56EE /* Vertex.swift in Sources */ = {isa = PBXBuildFile; fileRef = 1E9F32A02EB07E2F003F56EE /* Vertex.swift */; };
		1E9F32A32EB07E3E003F56EE /* Renderer.swift in Sources */ = {isa = PBXBuildFile; fileRef = 1E9F32A22EB07E3E003F56EE /* Renderer.swift */; };
		1E9F32A52EB07E5C003F56EE /* Shaders.metal in Sources */ = {isa = PBXBuildFile; fileRef = 1E9F32A42EB07E5C003F56EE /* Shaders.metal */; };
		1E9F32A72EB080CA003F56EE /* PlatformCompatibility.swift in Sources */ = {isa = PBXBuildFile; fileRef = 1E9F32A62EB080CA003F56EE /* PlatformCompatibility.swift */; };
/* End PBXBuildFile section */

/* Begin PBXFileReference section */
		1E09A3422EBD11A700BF8997 /* Camera.swift */ = {isa = PBXFileReference; lastKnownFileType = sourcecode.swift; path = Camera.swift; sourceTree = "<group>"; };
		1E09A3442EBD11CA00BF8997 /* LookAt.swift */ = {isa = PBXFileReference; lastKnownFileType = sourcecode.swift; path = LookAt.swift; sourceTree = "<group>"; };
		1E09A3462EBD123900BF8997 /* Perspective.swift */ = {isa = PBXFileReference; lastKnownFileType = sourcecode.swift; path = Perspective.swift; sourceTree = "<group>"; };
		1E09A3482EBD12DB00BF8997 /* Common.h */ = {isa = PBXFileReference; lastKnownFileType = sourcecode.c.h; path = Common.h; sourceTree = "<group>"; };
		1E9F32862EB07DE9003F56EE /* HelloCube.app */ = {isa = PBXFileReference; explicitFileType = wrapper.application; includeInIndex = 0; path = HelloCube.app; sourceTree = BUILT_PRODUCTS_DIR; };
		1E9F32942EB07DEF003F56EE /* Assets.xcassets */ = {isa = PBXFileReference; lastKnownFileType = folder.assetcatalog; path = Assets.xcassets; sourceTree = "<group>"; };
		1E9F32952EB07DEF003F56EE /* MetalView.swift */ = {isa = PBXFileReference; lastKnownFileType = sourcecode.swift; path = MetalView.swift; sourceTree = "<group>"; };
		1E9F32962EB07DEF003F56EE /* HelloCubeApp.swift */ = {isa = PBXFileReference; lastKnownFileType = sourcecode.swift; path = HelloCubeApp.swift; sourceTree = "<group>"; };
		1E9F32A02EB07E2F003F56EE /* Vertex.swift */ = {isa = PBXFileReference; lastKnownFileType = sourcecode.swift; path = Vertex.swift; sourceTree = "<group>"; };
		1E9F32A22EB07E3E003F56EE /* Renderer.swift */ = {isa = PBXFileReference; lastKnownFileType = sourcecode.swift; path = Renderer.swift; sourceTree = "<group>"; };
		1E9F32A42EB07E5C003F56EE /* Shaders.metal */ = {isa = PBXFileReference; lastKnownFileType = sourcecode.metal; path = Shaders.metal; sourceTree = "<group>"; };
		1E9F32A62EB080CA003F56EE /* PlatformCompatibility.swift */ = {isa = PBXFileReference; lastKnownFileType = sourcecode.swift; path = PlatformCompatibility.swift; sourceTree = "<group>"; };
/* End PBXFileReference section */

/* Begin PBXFrameworksBuildPhase section */
		1E9F32832EB07DE9003F56EE /* Frameworks */ = {
			isa = PBXFrameworksBuildPhase;
			buildActionMask = 2147483647;
			files = (
			);
			runOnlyForDeploymentPostprocessing = 0;
		};
/* End PBXFrameworksBuildPhase section */

/* Begin PBXGroup section */
		1E9F327D2EB07DE9003F56EE = {
			isa = PBXGroup;
			children = (
				1E9F32972EB07DEF003F56EE /* HelloCube */,
				1E9F32872EB07DE9003F56EE /* Products */,
			);
			sourceTree = "<group>";
		};
		1E9F32872EB07DE9003F56EE /* Products */ = {
			isa = PBXGroup;
			children = (
				1E9F32862EB07DE9003F56EE /* HelloCube.app */,
			);
			name = Products;
			sourceTree = "<group>";
		};
		1E9F32972EB07DEF003F56EE /* HelloCube */ = {
			isa = PBXGroup;
			children = (
				1E9F329B2EB07DF1003F56EE /* App */,
				1E9F329C2EB07DF8003F56EE /* Views */,
				1E9F329F2EB07E22003F56EE /* Models */,
				1E9F329E2EB07E00003F56EE /* Math */,
				1E9F329D2EB07DFC003F56EE /* Shaders */,
			);
			path = HelloCube;
			sourceTree = "<group>";
		};
		1E9F329B2EB07DF1003F56EE /* App */ = {
			isa = PBXGroup;
			children = (
				1E9F32942EB07DEF003F56EE /* Assets.xcassets */,
				1E9F32962EB07DEF003F56EE /* HelloCubeApp.swift */,
				1E9F32A62EB080CA003F56EE /* PlatformCompatibility.swift */,
			);
			path = App;
			sourceTree = "<group>";
		};
		1E9F329C2EB07DF8003F56EE /* Views */ = {
			isa = PBXGroup;
			children = (
				1E9F32952EB07DEF003F56EE /* MetalView.swift */,
				1E9F32A22EB07E3E003F56EE /* Renderer.swift */,
			);
			path = Views;
			sourceTree = "<group>";
		};
		1E9F329D2EB07DFC003F56EE /* Shaders */ = {
			isa = PBXGroup;
			children = (
				1E9F32A42EB07E5C003F56EE /* Shaders.metal */,
				1E09A3482EBD12DB00BF8997 /* Common.h */,
			);
			path = Shaders;
			sourceTree = "<group>";
		};
		1E9F329E2EB07E00003F56EE /* Math */ = {
			isa = PBXGroup;
			children = (
				1E09A3442EBD11CA00BF8997 /* LookAt.swift */,
				1E09A3462EBD123900BF8997 /* Perspective.swift */,
			);
			path = Math;
			sourceTree = "<group>";
		};
		1E9F329F2EB07E22003F56EE /* Models */ = {
			isa = PBXGroup;
			children = (
				1E9F32A02EB07E2F003F56EE /* Vertex.swift */,
				1E09A3422EBD11A700BF8997 /* Camera.swift */,
			);
			path = Models;
			sourceTree = "<group>";
		};
/* End PBXGroup section */

/* Begin PBXNativeTarget section */
		1E9F32852EB07DE9003F56EE /* HelloCube */ = {
			isa = PBXNativeTarget;
			buildConfigurationList = 1E9F32912EB07DEA003F56EE /* Build configuration list for PBXNativeTarget "HelloCube" */;
			buildPhases = (
				1E9F32822EB07DE9003F56EE /* Sources */,
				1E9F32832EB07DE9003F56EE /* Frameworks */,
				1E9F32842EB07DE9003F56EE /* Resources */,
			);
			buildRules = (
			);
			dependencies = (
			);
			name = HelloCube;
			packageProductDependencies = (
			);
			productName = HelloCube;
			productReference = 1E9F32862EB07DE9003F56EE /* HelloCube.app */;
			productType = "com.apple.product-type.application";
		};
/* End PBXNativeTarget section */

/* Begin PBXProject section */
		1E9F327E2EB07DE9003F56EE /* Project object */ = {
			isa = PBXProject;
			attributes = {
				BuildIndependentTargetsInParallel = 1;
				LastSwiftUpdateCheck = 2600;
				LastUpgradeCheck = 2600;
				TargetAttributes = {
					1E9F32852EB07DE9003F56EE = {
						CreatedOnToolsVersion = 26.0.1;
					};
				};
			};
			buildConfigurationList = 1E9F32812EB07DE9003F56EE /* Build configuration list for PBXProject "HelloCube" */;
			developmentRegion = en;
			hasScannedForEncodings = 0;
			knownRegions = (
				en,
				Base,
			);
			mainGroup = 1E9F327D2EB07DE9003F56EE;
			minimizedProjectReferenceProxies = 1;
			preferredProjectObjectVersion = 77;
			productRefGroup = 1E9F32872EB07DE9003F56EE /* Products */;
			projectDirPath = "";
			projectRoot = "";
			targets = (
				1E9F32852EB07DE9003F56EE /* HelloCube */,
			);
		};
/* End PBXProject section */

/* Begin PBXResourcesBuildPhase section */
		1E9F32842EB07DE9003F56EE /* Resources */ = {
			isa = PBXResourcesBuildPhase;
			buildActionMask = 2147483647;
			files = (
				1E9F32982EB07DEF003F56EE /* Assets.xcassets in Resources */,
			);
			runOnlyForDeploymentPostprocessing = 0;
		};
/* End PBXResourcesBuildPhase section */

/* Begin PBXSourcesBuildPhase section */
		1E9F32822EB07DE9003F56EE /* Sources */ = {
			isa = PBXSourcesBuildPhase;
			buildActionMask = 2147483647;
			files = (
				1E9F32A32EB07E3E003F56EE /* Renderer.swift in Sources */,
				1E09A3452EBD11CA00BF8997 /* LookAt.swift in Sources */,
				1E9F32992EB07DEF003F56EE /* MetalView.swift in Sources */,
				1E9F329A2EB07DEF003F56EE /* HelloCubeApp.swift in Sources */,
				1E9F32A72EB080CA003F56EE /* PlatformCompatibility.swift in Sources */,
				1E09A3472EBD123900BF8997 /* Perspective.swift in Sources */,
				1E9F32A12EB07E2F003F56EE /* Vertex.swift in Sources */,
				1E09A3432EBD11A700BF8997 /* Camera.swift in Sources */,
				1E9F32A52EB07E5C003F56EE /* Shaders.metal in Sources */,
			);
			runOnlyForDeploymentPostprocessing = 0;
		};
/* End PBXSourcesBuildPhase section */

/* Begin XCBuildConfiguration section */
		1E9F328F2EB07DEA003F56EE /* Debug */ = {
			isa = XCBuildConfiguration;
			buildSettings = {
				ALWAYS_SEARCH_USER_PATHS = NO;
				ASSETCATALOG_COMPILER_GENERATE_SWIFT_ASSET_SYMBOL_EXTENSIONS = YES;
				CLANG_ANALYZER_NONNULL = YES;
				CLANG_ANALYZER_NUMBER_OBJECT_CONVERSION = YES_AGGRESSIVE;
				CLANG_CXX_LANGUAGE_STANDARD = "gnu++20";
				CLANG_ENABLE_MODULES = YES;
				CLANG_ENABLE_OBJC_ARC = YES;
				CLANG_ENABLE_OBJC_WEAK = YES;
				CLANG_WARN_BLOCK_CAPTURE_AUTORELEASING = YES;
				CLANG_WARN_BOOL_CONVERSION = YES;
				CLANG_WARN_COMMA = YES;
				CLANG_WARN_CONSTANT_CONVERSION = YES;
				CLANG_WARN_DEPRECATED_OBJC_IMPLEMENTATIONS = YES;
				CLANG_WARN_DIRECT_OBJC_ISA_USAGE = YES_ERROR;
				CLANG_WARN_DOCUMENTATION_COMMENTS = YES;
				CLANG_WARN_EMPTY_BODY = YES;
				CLANG_WARN_ENUM_CONVERSION = YES;
				CLANG_WARN_INFINITE_RECURSION = YES;
				CLANG_WARN_INT_CONVERSION = YES;
				CLANG_WARN_NON_LITERAL_NULL_CONVERSION = YES;
				CLANG_WARN_OBJC_IMPLICIT_RETAIN_SELF = YES;
				CLANG_WARN_OBJC_LITERAL_CONVERSION = YES;
				CLANG_WARN_OBJC_ROOT_CLASS = YES_ERROR;
				CLANG_WARN_QUOTED_INCLUDE_IN_FRAMEWORK_HEADER = YES;
				CLANG_WARN_RANGE_LOOP_ANALYSIS = YES;
				CLANG_WARN_STRICT_PROTOTYPES = YES;
				CLANG_WARN_SUSPICIOUS_MOVE = YES;
				CLANG_WARN_UNGUARDED_AVAILABILITY = YES_AGGRESSIVE;
				CLANG_WARN_UNREACHABLE_CODE = YES;
				CLANG_WARN__DUPLICATE_METHOD_MATCH = YES;
				COPY_PHASE_STRIP = NO;
				DEBUG_INFORMATION_FORMAT = dwarf;
				ENABLE_STRICT_OBJC_MSGSEND = YES;
				ENABLE_TESTABILITY = YES;
				ENABLE_USER_SCRIPT_SANDBOXING = YES;
				GCC_C_LANGUAGE_STANDARD = gnu17;
				GCC_DYNAMIC_NO_PIC = NO;
				GCC_NO_COMMON_BLOCKS = YES;
				GCC_OPTIMIZATION_LEVEL = 0;
				GCC_PREPROCESSOR_DEFINITIONS = (
					"DEBUG=1",
					"$(inherited)",
				);
				GCC_WARN_64_TO_32_BIT_CONVERSION = YES;
				GCC_WARN_ABOUT_RETURN_TYPE = YES_ERROR;
				GCC_WARN_UNDECLARED_SELECTOR = YES;
				GCC_WARN_UNINITIALIZED_AUTOS = YES_AGGRESSIVE;
				GCC_WARN_UNUSED_FUNCTION = YES;
				GCC_WARN_UNUSED_VARIABLE = YES;
				LOCALIZATION_PREFERS_STRING_CATALOGS = YES;
				MTL_ENABLE_DEBUG_INFO = INCLUDE_SOURCE;
				MTL_FAST_MATH = YES;
				ONLY_ACTIVE_ARCH = YES;
				SWIFT_ACTIVE_COMPILATION_CONDITIONS = "DEBUG $(inherited)";
				SWIFT_OPTIMIZATION_LEVEL = "-Onone";
			};
			name = Debug;
		};
		1E9F32902EB07DEA003F56EE /* Release */ = {
			isa = XCBuildConfiguration;
			buildSettings = {
				ALWAYS_SEARCH_USER_PATHS = NO;
				ASSETCATALOG_COMPILER_GENERATE_SWIFT_ASSET_SYMBOL_EXTENSIONS = YES;
				CLANG_ANALYZER_NONNULL = YES;
				CLANG_ANALYZER_NUMBER_OBJECT_CONVERSION = YES_AGGRESSIVE;
				CLANG_CXX_LANGUAGE_STANDARD = "gnu++20";
				CLANG_ENABLE_MODULES = YES;
				CLANG_ENABLE_OBJC_ARC = YES;
				CLANG_ENABLE_OBJC_WEAK = YES;
				CLANG_WARN_BLOCK_CAPTURE_AUTORELEASING = YES;
				CLANG_WARN_BOOL_CONVERSION = YES;
				CLANG_WARN_COMMA = YES;
				CLANG_WARN_CONSTANT_CONVERSION = YES;
				CLANG_WARN_DEPRECATED_OBJC_IMPLEMENTATIONS = YES;
				CLANG_WARN_DIRECT_OBJC_ISA_USAGE = YES_ERROR;
				CLANG_WARN_DOCUMENTATION_COMMENTS = YES;
				CLANG_WARN_EMPTY_BODY = YES;
				CLANG_WARN_ENUM_CONVERSION = YES;
				CLANG_WARN_INFINITE_RECURSION = YES;
				CLANG_WARN_INT_CONVERSION = YES;
				CLANG_WARN_NON_LITERAL_NULL_CONVERSION = YES;
				CLANG_WARN_OBJC_IMPLICIT_RETAIN_SELF = YES;
				CLANG_WARN_OBJC_LITERAL_CONVERSION = YES;
				CLANG_WARN_OBJC_ROOT_CLASS = YES_ERROR;
				CLANG_WARN_QUOTED_INCLUDE_IN_FRAMEWORK_HEADER = YES;
				CLANG_WARN_RANGE_LOOP_ANALYSIS = YES;
				CLANG_WARN_STRICT_PROTOTYPES = YES;
				CLANG_WARN_SUSPICIOUS_MOVE = YES;
				CLANG_WARN_UNGUARDED_AVAILABILITY = YES_AGGRESSIVE;
				CLANG_WARN_UNREACHABLE_CODE = YES;
				CLANG_WARN__DUPLICATE_METHOD_MATCH = YES;
				COPY_PHASE_STRIP = NO;
				DEBUG_INFORMATION_FORMAT = "dwarf-with-dsym";
				ENABLE_NS_ASSERTIONS = NO;
				ENABLE_STRICT_OBJC_MSGSEND = YES;
				ENABLE_USER_SCRIPT_SANDBOXING = YES;
				GCC_C_LANGUAGE_STANDARD = gnu17;
				GCC_NO_COMMON_BLOCKS = YES;
				GCC_WARN_64_TO_32_BIT_CONVERSION = YES;
				GCC_WARN_ABOUT_RETURN_TYPE = YES_ERROR;
				GCC_WARN_UNDECLARED_SELECTOR = YES;
				GCC_WARN_UNINITIALIZED_AUTOS = YES_AGGRESSIVE;
				GCC_WARN_UNUSED_FUNCTION = YES;
				GCC_WARN_UNUSED_VARIABLE = YES;
				LOCALIZATION_PREFERS_STRING_CATALOGS = YES;
				MTL_ENABLE_DEBUG_INFO = NO;
				MTL_FAST_MATH = YES;
				SWIFT_COMPILATION_MODE = wholemodule;
			};
			name = Release;
		};
		1E9F32922EB07DEA003F56EE /* Debug */ = {
			isa = XCBuildConfiguration;
			buildSettings = {
				ASSETCATALOG_COMPILER_APPICON_NAME = AppIcon;
				ASSETCATALOG_COMPILER_GLOBAL_ACCENT_COLOR_NAME = AccentColor;
				CODE_SIGN_STYLE = Automatic;
				CURRENT_PROJECT_VERSION = 1;
				ENABLE_APP_SANDBOX = YES;
				ENABLE_PREVIEWS = YES;
				ENABLE_USER_SELECTED_FILES = readonly;
				GENERATE_INFOPLIST_FILE = YES;
				"INFOPLIST_KEY_UIApplicationSceneManifest_Generation[sdk=iphoneos*]" = YES;
				"INFOPLIST_KEY_UIApplicationSceneManifest_Generation[sdk=iphonesimulator*]" = YES;
				"INFOPLIST_KEY_UIApplicationSupportsIndirectInputEvents[sdk=iphoneos*]" = YES;
				"INFOPLIST_KEY_UIApplicationSupportsIndirectInputEvents[sdk=iphonesimulator*]" = YES;
				"INFOPLIST_KEY_UILaunchScreen_Generation[sdk=iphoneos*]" = YES;
				"INFOPLIST_KEY_UILaunchScreen_Generation[sdk=iphonesimulator*]" = YES;
				"INFOPLIST_KEY_UIStatusBarStyle[sdk=iphoneos*]" = UIStatusBarStyleDefault;
				"INFOPLIST_KEY_UIStatusBarStyle[sdk=iphonesimulator*]" = UIStatusBarStyleDefault;
				INFOPLIST_KEY_UISupportedInterfaceOrientations_iPad = "UIInterfaceOrientationPortrait UIInterfaceOrientationPortraitUpsideDown UIInterfaceOrientationLandscapeLeft UIInterfaceOrientationLandscapeRight";
				INFOPLIST_KEY_UISupportedInterfaceOrientations_iPhone = "UIInterfaceOrientationPortrait UIInterfaceOrientationLandscapeLeft UIInterfaceOrientationLandscapeRight";
				IPHONEOS_DEPLOYMENT_TARGET = 26.0;
				LD_RUNPATH_SEARCH_PATHS = "@executable_path/Frameworks";
				"LD_RUNPATH_SEARCH_PATHS[sdk=macosx*]" = "@executable_path/../Frameworks";
				MACOSX_DEPLOYMENT_TARGET = 26.0;
				MARKETING_VERSION = 1.0;
				PRODUCT_BUNDLE_IDENTIFIER = com.metallab.HelloCube;
				PRODUCT_NAME = "$(TARGET_NAME)";
				REGISTER_APP_GROUPS = YES;
				SDKROOT = auto;
				STRING_CATALOG_GENERATE_SYMBOLS = YES;
				SUPPORTED_PLATFORMS = "iphoneos iphonesimulator macosx xros xrsimulator";
				SWIFT_APPROACHABLE_CONCURRENCY = YES;
				SWIFT_DEFAULT_ACTOR_ISOLATION = MainActor;
				SWIFT_EMIT_LOC_STRINGS = YES;
				SWIFT_OBJC_BRIDGING_HEADER = "$(SRCROOT)/$(TARGET_NAME)/Shaders/Common.h";
				SWIFT_UPCOMING_FEATURE_MEMBER_IMPORT_VISIBILITY = YES;
				SWIFT_VERSION = 5.0;
				TARGETED_DEVICE_FAMILY = "1,2,7";
				XROS_DEPLOYMENT_TARGET = 26.0;
			};
			name = Debug;
		};
		1E9F32932EB07DEA003F56EE /* Release */ = {
			isa = XCBuildConfiguration;
			buildSettings = {
				ASSETCATALOG_COMPILER_APPICON_NAME = AppIcon;
				ASSETCATALOG_COMPILER_GLOBAL_ACCENT_COLOR_NAME = AccentColor;
				CODE_SIGN_STYLE = Automatic;
				CURRENT_PROJECT_VERSION = 1;
				ENABLE_APP_SANDBOX = YES;
				ENABLE_PREVIEWS = YES;
				ENABLE_USER_SELECTED_FILES = readonly;
				GENERATE_INFOPLIST_FILE = YES;
				"INFOPLIST_KEY_UIApplicationSceneManifest_Generation[sdk=iphoneos*]" = YES;
				"INFOPLIST_KEY_UIApplicationSceneManifest_Generation[sdk=iphonesimulator*]" = YES;
				"INFOPLIST_KEY_UIApplicationSupportsIndirectInputEvents[sdk=iphoneos*]" = YES;
				"INFOPLIST_KEY_UIApplicationSupportsIndirectInputEvents[sdk=iphonesimulator*]" = YES;
				"INFOPLIST_KEY_UILaunchScreen_Generation[sdk=iphoneos*]" = YES;
				"INFOPLIST_KEY_UILaunchScreen_Generation[sdk=iphonesimulator*]" = YES;
				"INFOPLIST_KEY_UIStatusBarStyle[sdk=iphoneos*]" = UIStatusBarStyleDefault;
				"INFOPLIST_KEY_UIStatusBarStyle[sdk=iphonesimulator*]" = UIStatusBarStyleDefault;
				INFOPLIST_KEY_UISupportedInterfaceOrientations_iPad = "UIInterfaceOrientationPortrait UIInterfaceOrientationPortraitUpsideDown UIInterfaceOrientationLandscapeLeft UIInterfaceOrientationLandscapeRight";
				INFOPLIST_KEY_UISupportedInterfaceOrientations_iPhone = "UIInterfaceOrientationPortrait UIInterfaceOrientationLandscapeLeft UIInterfaceOrientationLandscapeRight";
				IPHONEOS_DEPLOYMENT_TARGET = 26.0;
				LD_RUNPATH_SEARCH_PATHS = "@executable_path/Frameworks";
				"LD_RUNPATH_SEARCH_PATHS[sdk=macosx*]" = "@executable_path/../Frameworks";
				MACOSX_DEPLOYMENT_TARGET = 26.0;
				MARKETING_VERSION = 1.0;
				PRODUCT_BUNDLE_IDENTIFIER = com.metallab.HelloCube;
				PRODUCT_NAME = "$(TARGET_NAME)";
				REGISTER_APP_GROUPS = YES;
				SDKROOT = auto;
				STRING_CATALOG_GENERATE_SYMBOLS = YES;
				SUPPORTED_PLATFORMS = "iphoneos iphonesimulator macosx xros xrsimulator";
				SWIFT_APPROACHABLE_CONCURRENCY = YES;
				SWIFT_DEFAULT_ACTOR_ISOLATION = MainActor;
				SWIFT_EMIT_LOC_STRINGS = YES;
				SWIFT_OBJC_BRIDGING_HEADER = "$(SRCROOT)/$(TARGET_NAME)/Shaders/Common.h";
				SWIFT_UPCOMING_FEATURE_MEMBER_IMPORT_VISIBILITY = YES;
				SWIFT_VERSION = 5.0;
				TARGETED_DEVICE_FAMILY = "1,2,7";
				XROS_DEPLOYMENT_TARGET = 26.0;
			};
			name = Release;
		};
/* End XCBuildConfiguration section */

/* Begin XCConfigurationList section */
		1E9F32812EB07DE9003F56EE /* Build configuration list for PBXProject "HelloCube" */ = {
			isa = XCConfigurationList;
			buildConfigurations = (
				1E9F328F2EB07DEA003F56EE /* Debug */,
				1E9F32902EB07DEA003F56EE /* Release */,
			);
			defaultConfigurationIsVisible = 0;
			defaultConfigurationName = Release;
		};
		1E9F32912EB07DEA003F56EE /* Build configuration list for PBXNativeTarget "HelloCube" */ = {
			isa = XCConfigurationList;
			buildConfigurations = (
				1E9F32922EB07DEA003F56EE /* Debug */,
				1E9F32932EB07DEA003F56EE /* Release */,
			);
			defaultConfigurationIsVisible = 0;
			defaultConfigurationName = Release;
		};
/* End XCConfigurationList section */
	};
	rootObject = 1E9F327E2EB07DE9003F56EE /* Project object */;
}
